
Microsoft Visual Studio Solution File, Format Version 12.00
# Visual Studio Version 17
VisualStudioVersion = 17.5.33424.131
MinimumVisualStudioVersion = 10.0.40219.1
Project("{FAE04EC0-301F-11D3-BF4B-00C04F79EFBC}") = "AppWPF", "AppWPF\AppWPF.csproj", "{3384069C-BE42-41EB-A2B6-1D9CD64C67CD}"
EndProject
Global
	GlobalSection(SolutionConfigurationPlatforms) = preSolution
		Debug|Any CPU = Debug|Any CPU
		Release|Any CPU = Release|Any CPU
	EndGlobalSection
	GlobalSection(ProjectConfigurationPlatforms) = postSolution
		{3384069C-BE42-41EB-A2B6-1D9CD64C67CD}.Debug|Any CPU.ActiveCfg = Debug|Any CPU
		{3384069C-BE42-41EB-A2B6-1D9CD64C67CD}.Debug|Any CPU.Build.0 = Debug|Any CPU
		{3384069C-BE42-41EB-A2B6-1D9CD64C67CD}.Release|Any CPU.ActiveCfg = Release|Any CPU
		{3384069C-BE42-41EB-A2B6-1D9CD64C67CD}.Release|Any CPU.Build.0 = Release|Any CPU
	EndGlobalSection
	GlobalSection(SolutionProperties) = preSolution
		HideSolutionNode = FALSE
	EndGlobalSection
	GlobalSection(ExtensibilityGlobals) = postSolution
		SolutionGuid = {46A38496-6141-4600-8F7B-1C45C30BA8A9}
	EndGlobalSection
EndGlobal
