
Microsoft Visual Studio Solution File, Format Version 12.00
# Visual Studio Version 17
VisualStudioVersion = 17.0.31919.166
MinimumVisualStudioVersion = 10.0.40219.1
Project("{FAE04EC0-301F-11D3-BF4B-00C04F79EFBC}") = "Projeto PDS", "Projeto PDS\Projeto PDS.csproj", "{164F350B-375C-4B5D-9572-D63FA95B1065}"
EndProject
Global
	GlobalSection(SolutionConfigurationPlatforms) = preSolution
		Debug|Any CPU = Debug|Any CPU
		Release|Any CPU = Release|Any CPU
	EndGlobalSection
	GlobalSection(ProjectConfigurationPlatforms) = postSolution
		{164F350B-375C-4B5D-9572-D63FA95B1065}.Debug|Any CPU.ActiveCfg = Debug|Any CPU
		{164F350B-375C-4B5D-9572-D63FA95B1065}.Debug|Any CPU.Build.0 = Debug|Any CPU
		{164F350B-375C-4B5D-9572-D63FA95B1065}.Release|Any CPU.ActiveCfg = Release|Any CPU
		{164F350B-375C-4B5D-9572-D63FA95B1065}.Release|Any CPU.Build.0 = Release|Any CPU
	EndGlobalSection
	GlobalSection(SolutionProperties) = preSolution
		HideSolutionNode = FALSE
	EndGlobalSection
	GlobalSection(ExtensibilityGlobals) = postSolution
		SolutionGuid = {C5A5CFC5-4A23-483B-B53B-0A492C2205D0}
	EndGlobalSection
EndGlobal
